<?xml version="1.0" encoding="utf-8"?>
<Project ToolsVersion="4.0" xmlns="http://schemas.microsoft.com/developer/msbuild/2003">
  <ItemGroup>
    <Filter Include="Resource Files">
      <UniqueIdentifier>{67DA6AB6-F800-4c08-8B7A-83BB121AAD01}</UniqueIdentifier>
      <Extensions>rc;ico;cur;bmp;dlg;rc2;rct;bin;rgs;gif;jpg;jpeg;jpe;resx;tiff;tif;png;wav;mfcribbon-ms</Extensions>
    </Filter>
    <Filter Include="asm">
      <UniqueIdentifier>{83ac0753-cfcd-42b7-aaa9-3ee978dfdbe8}</UniqueIdentifier>
    </Filter>
    <Filter Include="doc">
      <UniqueIdentifier>{5d607f11-8307-495a-a5a2-fdb6658e1739}</UniqueIdentifier>
    </Filter>
    <Filter Include="cpp">
      <UniqueIdentifier>{0ec4e13e-765b-4c07-8dc0-f2c62193def2}</UniqueIdentifier>
    </Filter>
    <Filter Include="cpp\inc">
      <UniqueIdentifier>{93995380-89BD-4b04-88EB-625FBE52EBFB}</UniqueIdentifier>
      <Extensions>h;hh;hpp;hxx;hm;inl;inc;xsd</Extensions>
    </Filter>
    <Filter Include="cpp\src">
      <UniqueIdentifier>{4FC737F1-C7A5-4376-A066-2A32D752A2FF}</UniqueIdentifier>
      <Extensions>cpp;c;cc;cxx;def;odl;idl;hpj;bat;asm;asmx</Extensions>
    </Filter>
    <Filter Include="cpp\pattern">
      <UniqueIdentifier>{e198bab9-3e6c-4e0a-adde-89c194cc3e9d}</UniqueIdentifier>
    </Filter>
  </ItemGroup>
  <ItemGroup>
    <ClCompile Include="config.cpp">
      <Filter>cpp\src</Filter>
    </ClCompile>
    <ClCompile Include="entry.cpp">
      <Filter>cpp\src</Filter>
    </ClCompile>
    <ClCompile Include="error.cpp">
      <Filter>cpp\src</Filter>
    </ClCompile>
    <ClCompile Include="extradata.cpp">
      <Filter>cpp\src</Filter>
    </ClCompile>
    <ClCompile Include="gloabalvalue.cpp">
      <Filter>cpp\src</Filter>
    </ClCompile>
    <ClCompile Include="import.cpp">
      <Filter>cpp\src</Filter>
    </ClCompile>
    <ClCompile Include="packing.cpp">
      <Filter>cpp\src</Filter>
    </ClCompile>
    <ClCompile Include="pediy.cpp">
      <Filter>cpp\src</Filter>
    </ClCompile>
    <ClCompile Include="pe_utilities.cpp">
      <Filter>cpp\src</Filter>
    </ClCompile>
    <ClCompile Include="relocation.cpp">
      <Filter>cpp\src</Filter>
    </ClCompile>
    <ClCompile Include="section.cpp">
      <Filter>cpp\src</Filter>
    </ClCompile>
    <ClCompile Include="shell.cpp">
      <Filter>cpp\src</Filter>
    </ClCompile>
    <ClCompile Include="utilities.cpp">
      <Filter>cpp\src</Filter>
    </ClCompile>
    <ClCompile Include="singleton.cpp">
      <Filter>cpp\pattern</Filter>
    </ClCompile>
    <ClCompile Include="singleton_t.cpp">
      <Filter>cpp\pattern</Filter>
    </ClCompile>
  </ItemGroup>
  <ItemGroup>
    <ClInclude Include="config.h">
      <Filter>cpp\inc</Filter>
    </ClInclude>
    <ClInclude Include="entry.h">
      <Filter>cpp\inc</Filter>
    </ClInclude>
    <ClInclude Include="error.h">
      <Filter>cpp\inc</Filter>
    </ClInclude>
    <ClInclude Include="extradata.h">
      <Filter>cpp\inc</Filter>
    </ClInclude>
    <ClInclude Include="globalvalue.h">
      <Filter>cpp\inc</Filter>
    </ClInclude>
    <ClInclude Include="import.h">
      <Filter>cpp\inc</Filter>
    </ClInclude>
    <ClInclude Include="packing.h">
      <Filter>cpp\inc</Filter>
    </ClInclude>
    <ClInclude Include="pediy.h">
      <Filter>cpp\inc</Filter>
    </ClInclude>
    <ClInclude Include="pe_utilities.h">
      <Filter>cpp\inc</Filter>
    </ClInclude>
    <ClInclude Include="relocation.h">
      <Filter>cpp\inc</Filter>
    </ClInclude>
    <ClInclude Include="section.h">
      <Filter>cpp\inc</Filter>
    </ClInclude>
    <ClInclude Include="shell.h">
      <Filter>cpp\inc</Filter>
    </ClInclude>
    <ClInclude Include="utilities.h">
      <Filter>cpp\inc</Filter>
    </ClInclude>
    <ClInclude Include="resource.h">
      <Filter>Resource Files</Filter>
    </ClInclude>
    <ClInclude Include="singleton.h">
      <Filter>cpp\pattern</Filter>
    </ClInclude>
    <ClInclude Include="singleton_t.h">
      <Filter>cpp\pattern</Filter>
    </ClInclude>
  </ItemGroup>
  <ItemGroup>
    <None Include="ASMshell.inc">
      <Filter>asm</Filter>
    </None>
  </ItemGroup>
  <ItemGroup>
    <ResourceCompile Include="MyPEDIY.rc">
      <Filter>Resource Files</Filter>
    </ResourceCompile>
  </ItemGroup>
  <ItemGroup>
    <CustomBuild Include="ASMshell.asm">
      <Filter>asm</Filter>
    </CustomBuild>
  </ItemGroup>
  <ItemGroup>
    <Text Include="..\doc\bugs.txt">
      <Filter>doc</Filter>
    </Text>
    <Text Include="..\doc\plan.txt">
      <Filter>doc</Filter>
    </Text>
    <Text Include="..\doc\README.txt">
      <Filter>doc</Filter>
    </Text>
  </ItemGroup>
</Project>